// !$*UTF8*$!
{
	archiveVersion = 1;
	classes = {
	};
	objectVersion = 56;
	objects = {

/* Begin PBXBuildFile section */
		9E18F2122971C9A9000E447C /* CodableSticker.swift in Sources */ = {isa = PBXBuildFile; fileRef = 9E18F2112971C9A9000E447C /* CodableSticker.swift */; };
		9E18F2142971D195000E447C /* CollectedStickers.swift in Sources */ = {isa = PBXBuildFile; fileRef = 9E18F2132971D195000E447C /* CollectedStickers.swift */; };
		9E18F2162971D529000E447C /* StickersToShow.swift in Sources */ = {isa = PBXBuildFile; fileRef = 9E18F2152971D529000E447C /* StickersToShow.swift */; };
		9E18F2182971DCFF000E447C /* CollectedStickerView.swift in Sources */ = {isa = PBXBuildFile; fileRef = 9E18F2172971DCFF000E447C /* CollectedStickerView.swift */; };
		9E18F21C2971E7CF000E447C /* UtilFuncs.swift in Sources */ = {isa = PBXBuildFile; fileRef = 9E18F21B2971E7CF000E447C /* UtilFuncs.swift */; };
		9E1DD2812960850800BA6AC9 /* CameraView.swift in Sources */ = {isa = PBXBuildFile; fileRef = 9E1DD2802960850800BA6AC9 /* CameraView.swift */; };
		9E1DD28329608DD100BA6AC9 /* TransperantBackground.swift in Sources */ = {isa = PBXBuildFile; fileRef = 9E1DD28229608DD100BA6AC9 /* TransperantBackground.swift */; };
		9E80F887296217F80009E126 /* PhotoPicker.swift in Sources */ = {isa = PBXBuildFile; fileRef = 9E80F886296217F80009E126 /* PhotoPicker.swift */; };
		9E80F88929621CC20009E126 /* PickedImageItem.swift in Sources */ = {isa = PBXBuildFile; fileRef = 9E80F88829621CC20009E126 /* PickedImageItem.swift */; };
		9E80F88B29621D610009E126 /* SticekrView.swift in Sources */ = {isa = PBXBuildFile; fileRef = 9E80F88A29621D610009E126 /* SticekrView.swift */; };
		9E80F88E296226200009E126 /* StickerSelectionPhotoButton.swift in Sources */ = {isa = PBXBuildFile; fileRef = 9E80F88D296226200009E126 /* StickerSelectionPhotoButton.swift */; };
		9E80F890296226C70009E126 /* EmotionPickerView.swift in Sources */ = {isa = PBXBuildFile; fileRef = 9E80F88F296226C70009E126 /* EmotionPickerView.swift */; };
		9E83B910295F21B500D57201 /* StickersApp.swift in Sources */ = {isa = PBXBuildFile; fileRef = 9E83B90F295F21B500D57201 /* StickersApp.swift */; };
		9E83B912295F21B500D57201 /* ContentView.swift in Sources */ = {isa = PBXBuildFile; fileRef = 9E83B911295F21B500D57201 /* ContentView.swift */; };
		9E83B914295F21B600D57201 /* Assets.xcassets in Resources */ = {isa = PBXBuildFile; fileRef = 9E83B913295F21B600D57201 /* Assets.xcassets */; };
		9E83B917295F21B600D57201 /* Preview Assets.xcassets in Resources */ = {isa = PBXBuildFile; fileRef = 9E83B916295F21B600D57201 /* Preview Assets.xcassets */; };
		9E83B920295F232300D57201 /* Sticker.swift in Sources */ = {isa = PBXBuildFile; fileRef = 9E83B91F295F232300D57201 /* Sticker.swift */; };
		9E83B922295F235900D57201 /* StickerRow.swift in Sources */ = {isa = PBXBuildFile; fileRef = 9E83B921295F235900D57201 /* StickerRow.swift */; };
		9E83B924295F259D00D57201 /* AddStickerButtonView.swift in Sources */ = {isa = PBXBuildFile; fileRef = 9E83B923295F259D00D57201 /* AddStickerButtonView.swift */; };
		9E83B926295F269C00D57201 /* StickerSelectionView.swift in Sources */ = {isa = PBXBuildFile; fileRef = 9E83B925295F269C00D57201 /* StickerSelectionView.swift */; };
		9E83B928295F301700D57201 /* MainPageView.swift in Sources */ = {isa = PBXBuildFile; fileRef = 9E83B927295F301700D57201 /* MainPageView.swift */; };
		9E83B92C295F356300D57201 /* Exstenstions.swift in Sources */ = {isa = PBXBuildFile; fileRef = 9E83B92B295F356300D57201 /* Exstenstions.swift */; };
		9E83B92E295F367A00D57201 /* BackgroundView.swift in Sources */ = {isa = PBXBuildFile; fileRef = 9E83B92D295F367A00D57201 /* BackgroundView.swift */; };
		9EBB102A2960733100B5F0A2 /* ImagePickerView.swift in Sources */ = {isa = PBXBuildFile; fileRef = 9EBB10292960733100B5F0A2 /* ImagePickerView.swift */; };
		9EBB102C2960744000B5F0A2 /* Cordinator.swift in Sources */ = {isa = PBXBuildFile; fileRef = 9EBB102B2960744000B5F0A2 /* Cordinator.swift */; };
		9EC34D6E296B4C2800D2CA1D /* AddEmotionButton.swift in Sources */ = {isa = PBXBuildFile; fileRef = 9EC34D6D296B4C2800D2CA1D /* AddEmotionButton.swift */; };
/* End PBXBuildFile section */

/* Begin PBXFileReference section */
		9E18F2112971C9A9000E447C /* CodableSticker.swift */ = {isa = PBXFileReference; lastKnownFileType = sourcecode.swift; path = CodableSticker.swift; sourceTree = "<group>"; };
		9E18F2132971D195000E447C /* CollectedStickers.swift */ = {isa = PBXFileReference; lastKnownFileType = sourcecode.swift; path = CollectedStickers.swift; sourceTree = "<group>"; };
		9E18F2152971D529000E447C /* StickersToShow.swift */ = {isa = PBXFileReference; lastKnownFileType = sourcecode.swift; path = StickersToShow.swift; sourceTree = "<group>"; };
		9E18F2172971DCFF000E447C /* CollectedStickerView.swift */ = {isa = PBXFileReference; lastKnownFileType = sourcecode.swift; path = CollectedStickerView.swift; sourceTree = "<group>"; };
		9E18F21B2971E7CF000E447C /* UtilFuncs.swift */ = {isa = PBXFileReference; lastKnownFileType = sourcecode.swift; path = UtilFuncs.swift; sourceTree = "<group>"; };
		9E1DD27F29607FEC00BA6AC9 /* Info.plist */ = {isa = PBXFileReference; lastKnownFileType = text.plist; path = Info.plist; sourceTree = "<group>"; };
		9E1DD2802960850800BA6AC9 /* CameraView.swift */ = {isa = PBXFileReference; lastKnownFileType = sourcecode.swift; path = CameraView.swift; sourceTree = "<group>"; };
		9E1DD28229608DD100BA6AC9 /* TransperantBackground.swift */ = {isa = PBXFileReference; lastKnownFileType = sourcecode.swift; path = TransperantBackground.swift; sourceTree = "<group>"; };
		9E80F886296217F80009E126 /* PhotoPicker.swift */ = {isa = PBXFileReference; lastKnownFileType = sourcecode.swift; path = PhotoPicker.swift; sourceTree = "<group>"; };
		9E80F88829621CC20009E126 /* PickedImageItem.swift */ = {isa = PBXFileReference; lastKnownFileType = sourcecode.swift; path = PickedImageItem.swift; sourceTree = "<group>"; };
		9E80F88A29621D610009E126 /* SticekrView.swift */ = {isa = PBXFileReference; lastKnownFileType = sourcecode.swift; path = SticekrView.swift; sourceTree = "<group>"; };
		9E80F88D296226200009E126 /* StickerSelectionPhotoButton.swift */ = {isa = PBXFileReference; lastKnownFileType = sourcecode.swift; path = StickerSelectionPhotoButton.swift; sourceTree = "<group>"; };
		9E80F88F296226C70009E126 /* EmotionPickerView.swift */ = {isa = PBXFileReference; lastKnownFileType = sourcecode.swift; path = EmotionPickerView.swift; sourceTree = "<group>"; };
		9E83B90C295F21B500D57201 /* Stickers.app */ = {isa = PBXFileReference; explicitFileType = wrapper.application; includeInIndex = 0; path = Stickers.app; sourceTree = BUILT_PRODUCTS_DIR; };
		9E83B90F295F21B500D57201 /* StickersApp.swift */ = {isa = PBXFileReference; lastKnownFileType = sourcecode.swift; path = StickersApp.swift; sourceTree = "<group>"; };
		9E83B911295F21B500D57201 /* ContentView.swift */ = {isa = PBXFileReference; lastKnownFileType = sourcecode.swift; path = ContentView.swift; sourceTree = "<group>"; };
		9E83B913295F21B600D57201 /* Assets.xcassets */ = {isa = PBXFileReference; lastKnownFileType = folder.assetcatalog; path = Assets.xcassets; sourceTree = "<group>"; };
		9E83B916295F21B600D57201 /* Preview Assets.xcassets */ = {isa = PBXFileReference; lastKnownFileType = folder.assetcatalog; path = "Preview Assets.xcassets"; sourceTree = "<group>"; };
		9E83B91F295F232300D57201 /* Sticker.swift */ = {isa = PBXFileReference; lastKnownFileType = sourcecode.swift; path = Sticker.swift; sourceTree = "<group>"; };
		9E83B921295F235900D57201 /* StickerRow.swift */ = {isa = PBXFileReference; lastKnownFileType = sourcecode.swift; path = StickerRow.swift; sourceTree = "<group>"; };
		9E83B923295F259D00D57201 /* AddStickerButtonView.swift */ = {isa = PBXFileReference; lastKnownFileType = sourcecode.swift; path = AddStickerButtonView.swift; sourceTree = "<group>"; };
		9E83B925295F269C00D57201 /* StickerSelectionView.swift */ = {isa = PBXFileReference; lastKnownFileType = sourcecode.swift; path = StickerSelectionView.swift; sourceTree = "<group>"; };
		9E83B927295F301700D57201 /* MainPageView.swift */ = {isa = PBXFileReference; lastKnownFileType = sourcecode.swift; path = MainPageView.swift; sourceTree = "<group>"; };
		9E83B92B295F356300D57201 /* Exstenstions.swift */ = {isa = PBXFileReference; lastKnownFileType = sourcecode.swift; path = Exstenstions.swift; sourceTree = "<group>"; };
		9E83B92D295F367A00D57201 /* BackgroundView.swift */ = {isa = PBXFileReference; lastKnownFileType = sourcecode.swift; path = BackgroundView.swift; sourceTree = "<group>"; };
		9EBB10292960733100B5F0A2 /* ImagePickerView.swift */ = {isa = PBXFileReference; lastKnownFileType = sourcecode.swift; path = ImagePickerView.swift; sourceTree = "<group>"; };
		9EBB102B2960744000B5F0A2 /* Cordinator.swift */ = {isa = PBXFileReference; lastKnownFileType = sourcecode.swift; path = Cordinator.swift; sourceTree = "<group>"; };
		9EC34D6D296B4C2800D2CA1D /* AddEmotionButton.swift */ = {isa = PBXFileReference; lastKnownFileType = sourcecode.swift; path = AddEmotionButton.swift; sourceTree = "<group>"; };
/* End PBXFileReference section */

/* Begin PBXFrameworksBuildPhase section */
		9E83B909295F21B500D57201 /* Frameworks */ = {
			isa = PBXFrameworksBuildPhase;
			buildActionMask = 2147483647;
			files = (
			);
			runOnlyForDeploymentPostprocessing = 0;
		};
/* End PBXFrameworksBuildPhase section */

/* Begin PBXGroup section */
		9E80F88C296225E50009E126 /* StickerSelectionGroup */ = {
			isa = PBXGroup;
			children = (
				9E83B925295F269C00D57201 /* StickerSelectionView.swift */,
				9E80F88A29621D610009E126 /* SticekrView.swift */,
				9E80F88D296226200009E126 /* StickerSelectionPhotoButton.swift */,
				9E80F88F296226C70009E126 /* EmotionPickerView.swift */,
				9EC34D6D296B4C2800D2CA1D /* AddEmotionButton.swift */,
			);
			path = StickerSelectionGroup;
			sourceTree = "<group>";
		};
		9E83B903295F21B500D57201 = {
			isa = PBXGroup;
			children = (
				9E83B90E295F21B500D57201 /* Stickers */,
				9E83B90D295F21B500D57201 /* Products */,
			);
			sourceTree = "<group>";
		};
		9E83B90D295F21B500D57201 /* Products */ = {
			isa = PBXGroup;
			children = (
				9E83B90C295F21B500D57201 /* Stickers.app */,
			);
			name = Products;
			sourceTree = "<group>";
		};
		9E83B90E295F21B500D57201 /* Stickers */ = {
			isa = PBXGroup;
			children = (
				9E1DD27F29607FEC00BA6AC9 /* Info.plist */,
				9E83B90F295F21B500D57201 /* StickersApp.swift */,
				9E83B911295F21B500D57201 /* ContentView.swift */,
				9E83B91E295F22F900D57201 /* Models */,
				9E83B91D295F22E700D57201 /* Views */,
				9E83B913295F21B600D57201 /* Assets.xcassets */,
				9E83B915295F21B600D57201 /* Preview Content */,
			);
			path = Stickers;
			sourceTree = "<group>";
		};
		9E83B915295F21B600D57201 /* Preview Content */ = {
			isa = PBXGroup;
			children = (
				9E83B916295F21B600D57201 /* Preview Assets.xcassets */,
			);
			path = "Preview Content";
			sourceTree = "<group>";
		};
		9E83B91D295F22E700D57201 /* Views */ = {
			isa = PBXGroup;
			children = (
				9E80F88C296225E50009E126 /* StickerSelectionGroup */,
				9E83B921295F235900D57201 /* StickerRow.swift */,
				9E83B923295F259D00D57201 /* AddStickerButtonView.swift */,
				9E83B927295F301700D57201 /* MainPageView.swift */,
				9E83B92D295F367A00D57201 /* BackgroundView.swift */,
				9E1DD2802960850800BA6AC9 /* CameraView.swift */,
				9E18F2132971D195000E447C /* CollectedStickers.swift */,
				9E18F2172971DCFF000E447C /* CollectedStickerView.swift */,
			);
			path = Views;
			sourceTree = "<group>";
		};
		9E83B91E295F22F900D57201 /* Models */ = {
			isa = PBXGroup;
			children = (
				9E83B91F295F232300D57201 /* Sticker.swift */,
				9E83B92B295F356300D57201 /* Exstenstions.swift */,
				9EBB10292960733100B5F0A2 /* ImagePickerView.swift */,
				9EBB102B2960744000B5F0A2 /* Cordinator.swift */,
				9E1DD28229608DD100BA6AC9 /* TransperantBackground.swift */,
				9E80F886296217F80009E126 /* PhotoPicker.swift */,
				9E80F88829621CC20009E126 /* PickedImageItem.swift */,
				9E18F2112971C9A9000E447C /* CodableSticker.swift */,
				9E18F2152971D529000E447C /* StickersToShow.swift */,
				9E18F21B2971E7CF000E447C /* UtilFuncs.swift */,
			);
			path = Models;
			sourceTree = "<group>";
		};
/* End PBXGroup section */

/* Begin PBXNativeTarget section */
		9E83B90B295F21B500D57201 /* Stickers */ = {
			isa = PBXNativeTarget;
			buildConfigurationList = 9E83B91A295F21B600D57201 /* Build configuration list for PBXNativeTarget "Stickers" */;
			buildPhases = (
				9E83B908295F21B500D57201 /* Sources */,
				9E83B909295F21B500D57201 /* Frameworks */,
				9E83B90A295F21B500D57201 /* Resources */,
			);
			buildRules = (
			);
			dependencies = (
			);
			name = Stickers;
			productName = Stickers;
			productReference = 9E83B90C295F21B500D57201 /* Stickers.app */;
			productType = "com.apple.product-type.application";
		};
/* End PBXNativeTarget section */

/* Begin PBXProject section */
		9E83B904295F21B500D57201 /* Project object */ = {
			isa = PBXProject;
			attributes = {
				BuildIndependentTargetsInParallel = 1;
				LastSwiftUpdateCheck = 1420;
				LastUpgradeCheck = 1420;
				TargetAttributes = {
					9E83B90B295F21B500D57201 = {
						CreatedOnToolsVersion = 14.2;
					};
				};
			};
			buildConfigurationList = 9E83B907295F21B500D57201 /* Build configuration list for PBXProject "Stickers" */;
			compatibilityVersion = "Xcode 14.0";
			developmentRegion = en;
			hasScannedForEncodings = 0;
			knownRegions = (
				en,
				Base,
			);
			mainGroup = 9E83B903295F21B500D57201;
			productRefGroup = 9E83B90D295F21B500D57201 /* Products */;
			projectDirPath = "";
			projectRoot = "";
			targets = (
				9E83B90B295F21B500D57201 /* Stickers */,
			);
		};
/* End PBXProject section */

/* Begin PBXResourcesBuildPhase section */
		9E83B90A295F21B500D57201 /* Resources */ = {
			isa = PBXResourcesBuildPhase;
			buildActionMask = 2147483647;
			files = (
				9E83B917295F21B600D57201 /* Preview Assets.xcassets in Resources */,
				9E83B914295F21B600D57201 /* Assets.xcassets in Resources */,
			);
			runOnlyForDeploymentPostprocessing = 0;
		};
/* End PBXResourcesBuildPhase section */

/* Begin PBXSourcesBuildPhase section */
		9E83B908295F21B500D57201 /* Sources */ = {
			isa = PBXSourcesBuildPhase;
			buildActionMask = 2147483647;
			files = (
				9E80F887296217F80009E126 /* PhotoPicker.swift in Sources */,
				9E83B92E295F367A00D57201 /* BackgroundView.swift in Sources */,
				9E80F890296226C70009E126 /* EmotionPickerView.swift in Sources */,
				9E83B924295F259D00D57201 /* AddStickerButtonView.swift in Sources */,
				9E18F2142971D195000E447C /* CollectedStickers.swift in Sources */,
				9E18F2162971D529000E447C /* StickersToShow.swift in Sources */,
				9E83B928295F301700D57201 /* MainPageView.swift in Sources */,
				9E1DD2812960850800BA6AC9 /* CameraView.swift in Sources */,
				9E80F88E296226200009E126 /* StickerSelectionPhotoButton.swift in Sources */,
				9E18F2182971DCFF000E447C /* CollectedStickerView.swift in Sources */,
				9E1DD28329608DD100BA6AC9 /* TransperantBackground.swift in Sources */,
				9E83B922295F235900D57201 /* StickerRow.swift in Sources */,
				9EBB102A2960733100B5F0A2 /* ImagePickerView.swift in Sources */,
				9E18F2122971C9A9000E447C /* CodableSticker.swift in Sources */,
				9E83B912295F21B500D57201 /* ContentView.swift in Sources */,
				9E83B92C295F356300D57201 /* Exstenstions.swift in Sources */,
				9EC34D6E296B4C2800D2CA1D /* AddEmotionButton.swift in Sources */,
				9E83B920295F232300D57201 /* Sticker.swift in Sources */,
				9E83B910295F21B500D57201 /* StickersApp.swift in Sources */,
				9E80F88B29621D610009E126 /* SticekrView.swift in Sources */,
				9E83B926295F269C00D57201 /* StickerSelectionView.swift in Sources */,
				9EBB102C2960744000B5F0A2 /* Cordinator.swift in Sources */,
				9E80F88929621CC20009E126 /* PickedImageItem.swift in Sources */,
				9E18F21C2971E7CF000E447C /* UtilFuncs.swift in Sources */,
			);
			runOnlyForDeploymentPostprocessing = 0;
		};
/* End PBXSourcesBuildPhase section */

/* Begin XCBuildConfiguration section */
		9E83B918295F21B600D57201 /* Debug */ = {
			isa = XCBuildConfiguration;
			buildSettings = {
				ALWAYS_SEARCH_USER_PATHS = NO;
				CLANG_ANALYZER_NONNULL = YES;
				CLANG_ANALYZER_NUMBER_OBJECT_CONVERSION = YES_AGGRESSIVE;
				CLANG_CXX_LANGUAGE_STANDARD = "gnu++20";
				CLANG_ENABLE_MODULES = YES;
				CLANG_ENABLE_OBJC_ARC = YES;
				CLANG_ENABLE_OBJC_WEAK = YES;
				CLANG_WARN_BLOCK_CAPTURE_AUTORELEASING = YES;
				CLANG_WARN_BOOL_CONVERSION = YES;
				CLANG_WARN_COMMA = YES;
				CLANG_WARN_CONSTANT_CONVERSION = YES;
				CLANG_WARN_DEPRECATED_OBJC_IMPLEMENTATIONS = YES;
				CLANG_WARN_DIRECT_OBJC_ISA_USAGE = YES_ERROR;
				CLANG_WARN_DOCUMENTATION_COMMENTS = YES;
				CLANG_WARN_EMPTY_BODY = YES;
				CLANG_WARN_ENUM_CONVERSION = YES;
				CLANG_WARN_INFINITE_RECURSION = YES;
				CLANG_WARN_INT_CONVERSION = YES;
				CLANG_WARN_NON_LITERAL_NULL_CONVERSION = YES;
				CLANG_WARN_OBJC_IMPLICIT_RETAIN_SELF = YES;
				CLANG_WARN_OBJC_LITERAL_CONVERSION = YES;
				CLANG_WARN_OBJC_ROOT_CLASS = YES_ERROR;
				CLANG_WARN_QUOTED_INCLUDE_IN_FRAMEWORK_HEADER = YES;
				CLANG_WARN_RANGE_LOOP_ANALYSIS = YES;
				CLANG_WARN_STRICT_PROTOTYPES = YES;
				CLANG_WARN_SUSPICIOUS_MOVE = YES;
				CLANG_WARN_UNGUARDED_AVAILABILITY = YES_AGGRESSIVE;
				CLANG_WARN_UNREACHABLE_CODE = YES;
				CLANG_WARN__DUPLICATE_METHOD_MATCH = YES;
				COPY_PHASE_STRIP = NO;
				DEBUG_INFORMATION_FORMAT = dwarf;
				ENABLE_STRICT_OBJC_MSGSEND = YES;
				ENABLE_TESTABILITY = YES;
				GCC_C_LANGUAGE_STANDARD = gnu11;
				GCC_DYNAMIC_NO_PIC = NO;
				GCC_NO_COMMON_BLOCKS = YES;
				GCC_OPTIMIZATION_LEVEL = 0;
				GCC_PREPROCESSOR_DEFINITIONS = (
					"DEBUG=1",
					"$(inherited)",
				);
				GCC_WARN_64_TO_32_BIT_CONVERSION = YES;
				GCC_WARN_ABOUT_RETURN_TYPE = YES_ERROR;
				GCC_WARN_UNDECLARED_SELECTOR = YES;
				GCC_WARN_UNINITIALIZED_AUTOS = YES_AGGRESSIVE;
				GCC_WARN_UNUSED_FUNCTION = YES;
				GCC_WARN_UNUSED_VARIABLE = YES;
				"INFOPLIST_KEY_UIApplicationSceneManifest_Generation[sdk=*]" = YES;
				IPHONEOS_DEPLOYMENT_TARGET = 16.2;
				MTL_ENABLE_DEBUG_INFO = INCLUDE_SOURCE;
				MTL_FAST_MATH = YES;
				ONLY_ACTIVE_ARCH = YES;
				SDKROOT = iphoneos;
				SWIFT_ACTIVE_COMPILATION_CONDITIONS = DEBUG;
				SWIFT_OPTIMIZATION_LEVEL = "-Onone";
			};
			name = Debug;
		};
		9E83B919295F21B600D57201 /* Release */ = {
			isa = XCBuildConfiguration;
			buildSettings = {
				ALWAYS_SEARCH_USER_PATHS = NO;
				CLANG_ANALYZER_NONNULL = YES;
				CLANG_ANALYZER_NUMBER_OBJECT_CONVERSION = YES_AGGRESSIVE;
				CLANG_CXX_LANGUAGE_STANDARD = "gnu++20";
				CLANG_ENABLE_MODULES = YES;
				CLANG_ENABLE_OBJC_ARC = YES;
				CLANG_ENABLE_OBJC_WEAK = YES;
				CLANG_WARN_BLOCK_CAPTURE_AUTORELEASING = YES;
				CLANG_WARN_BOOL_CONVERSION = YES;
				CLANG_WARN_COMMA = YES;
				CLANG_WARN_CONSTANT_CONVERSION = YES;
				CLANG_WARN_DEPRECATED_OBJC_IMPLEMENTATIONS = YES;
				CLANG_WARN_DIRECT_OBJC_ISA_USAGE = YES_ERROR;
				CLANG_WARN_DOCUMENTATION_COMMENTS = YES;
				CLANG_WARN_EMPTY_BODY = YES;
				CLANG_WARN_ENUM_CONVERSION = YES;
				CLANG_WARN_INFINITE_RECURSION = YES;
				CLANG_WARN_INT_CONVERSION = YES;
				CLANG_WARN_NON_LITERAL_NULL_CONVERSION = YES;
				CLANG_WARN_OBJC_IMPLICIT_RETAIN_SELF = YES;
				CLANG_WARN_OBJC_LITERAL_CONVERSION = YES;
				CLANG_WARN_OBJC_ROOT_CLASS = YES_ERROR;
				CLANG_WARN_QUOTED_INCLUDE_IN_FRAMEWORK_HEADER = YES;
				CLANG_WARN_RANGE_LOOP_ANALYSIS = YES;
				CLANG_WARN_STRICT_PROTOTYPES = YES;
				CLANG_WARN_SUSPICIOUS_MOVE = YES;
				CLANG_WARN_UNGUARDED_AVAILABILITY = YES_AGGRESSIVE;
				CLANG_WARN_UNREACHABLE_CODE = YES;
				CLANG_WARN__DUPLICATE_METHOD_MATCH = YES;
				COPY_PHASE_STRIP = NO;
				DEBUG_INFORMATION_FORMAT = "dwarf-with-dsym";
				ENABLE_NS_ASSERTIONS = NO;
				ENABLE_STRICT_OBJC_MSGSEND = YES;
				GCC_C_LANGUAGE_STANDARD = gnu11;
				GCC_NO_COMMON_BLOCKS = YES;
				GCC_WARN_64_TO_32_BIT_CONVERSION = YES;
				GCC_WARN_ABOUT_RETURN_TYPE = YES_ERROR;
				GCC_WARN_UNDECLARED_SELECTOR = YES;
				GCC_WARN_UNINITIALIZED_AUTOS = YES_AGGRESSIVE;
				GCC_WARN_UNUSED_FUNCTION = YES;
				GCC_WARN_UNUSED_VARIABLE = YES;
				IPHONEOS_DEPLOYMENT_TARGET = 16.2;
				MTL_ENABLE_DEBUG_INFO = NO;
				MTL_FAST_MATH = YES;
				SDKROOT = iphoneos;
				SWIFT_COMPILATION_MODE = wholemodule;
				SWIFT_OPTIMIZATION_LEVEL = "-O";
				VALIDATE_PRODUCT = YES;
			};
			name = Release;
		};
		9E83B91B295F21B600D57201 /* Debug */ = {
			isa = XCBuildConfiguration;
			buildSettings = {
				ASSETCATALOG_COMPILER_APPICON_NAME = AppIcon;
				ASSETCATALOG_COMPILER_GLOBAL_ACCENT_COLOR_NAME = AccentColor;
				CODE_SIGN_STYLE = Automatic;
				CURRENT_PROJECT_VERSION = 1;
				DEVELOPMENT_ASSET_PATHS = "\"Stickers/Preview Content\"";
				DEVELOPMENT_TEAM = M4CNG6XBD9;
				ENABLE_PREVIEWS = YES;
				GENERATE_INFOPLIST_FILE = YES;
				INFOPLIST_FILE = Stickers/Info.plist;
				INFOPLIST_KEY_NSCameraUsageDescription = "I need the camera please";
				INFOPLIST_KEY_UIApplicationSceneManifest_Generation = YES;
				INFOPLIST_KEY_UIApplicationSupportsIndirectInputEvents = YES;
				INFOPLIST_KEY_UILaunchScreen_Generation = YES;
				INFOPLIST_KEY_UISupportedInterfaceOrientations_iPad = "UIInterfaceOrientationPortrait UIInterfaceOrientationPortraitUpsideDown UIInterfaceOrientationLandscapeLeft UIInterfaceOrientationLandscapeRight";
				INFOPLIST_KEY_UISupportedInterfaceOrientations_iPhone = "UIInterfaceOrientationPortrait UIInterfaceOrientationLandscapeLeft UIInterfaceOrientationLandscapeRight NSCameraUsageDescription";
				LD_RUNPATH_SEARCH_PATHS = (
					"$(inherited)",
					"@executable_path/Frameworks",
				);
				MARKETING_VERSION = 1.0;
				NEW_SETTING = "";
				PRODUCT_BUNDLE_IDENTIFIER = Com.Liran.Stickers;
				PRODUCT_NAME = "$(TARGET_NAME)";
				SWIFT_EMIT_LOC_STRINGS = YES;
				SWIFT_VERSION = 5.0;
				TARGETED_DEVICE_FAMILY = "1,2";
			};
			name = Debug;
		};
		9E83B91C295F21B600D57201 /* Release */ = {
			isa = XCBuildConfiguration;
			buildSettings = {
				ASSETCATALOG_COMPILER_APPICON_NAME = AppIcon;
				ASSETCATALOG_COMPILER_GLOBAL_ACCENT_COLOR_NAME = AccentColor;
				CODE_SIGN_STYLE = Automatic;
				CURRENT_PROJECT_VERSION = 1;
				DEVELOPMENT_ASSET_PATHS = "\"Stickers/Preview Content\"";
				DEVELOPMENT_TEAM = M4CNG6XBD9;
				ENABLE_PREVIEWS = YES;
				GENERATE_INFOPLIST_FILE = YES;
				INFOPLIST_FILE = Stickers/Info.plist;
				INFOPLIST_KEY_NSCameraUsageDescription = "I need the camera please";
				INFOPLIST_KEY_UIApplicationSceneManifest_Generation = YES;
				INFOPLIST_KEY_UIApplicationSupportsIndirectInputEvents = YES;
				INFOPLIST_KEY_UILaunchScreen_Generation = YES;
				INFOPLIST_KEY_UISupportedInterfaceOrientations_iPad = "UIInterfaceOrientationPortrait UIInterfaceOrientationPortraitUpsideDown UIInterfaceOrientationLandscapeLeft UIInterfaceOrientationLandscapeRight";
				INFOPLIST_KEY_UISupportedInterfaceOrientations_iPhone = "UIInterfaceOrientationPortrait UIInterfaceOrientationLandscapeLeft UIInterfaceOrientationLandscapeRight NSCameraUsageDescription";
				LD_RUNPATH_SEARCH_PATHS = (
					"$(inherited)",
					"@executable_path/Frameworks",
				);
				MARKETING_VERSION = 1.0;
				NEW_SETTING = "";
				PRODUCT_BUNDLE_IDENTIFIER = Com.Liran.Stickers;
				PRODUCT_NAME = "$(TARGET_NAME)";
				SWIFT_EMIT_LOC_STRINGS = YES;
				SWIFT_VERSION = 5.0;
				TARGETED_DEVICE_FAMILY = "1,2";
			};
			name = Release;
		};
/* End XCBuildConfiguration section */

/* Begin XCConfigurationList section */
		9E83B907295F21B500D57201 /* Build configuration list for PBXProject "Stickers" */ = {
			isa = XCConfigurationList;
			buildConfigurations = (
				9E83B918295F21B600D57201 /* Debug */,
				9E83B919295F21B600D57201 /* Release */,
			);
			defaultConfigurationIsVisible = 0;
			defaultConfigurationName = Release;
		};
		9E83B91A295F21B600D57201 /* Build configuration list for PBXNativeTarget "Stickers" */ = {
			isa = XCConfigurationList;
			buildConfigurations = (
				9E83B91B295F21B600D57201 /* Debug */,
				9E83B91C295F21B600D57201 /* Release */,
			);
			defaultConfigurationIsVisible = 0;
			defaultConfigurationName = Release;
		};
/* End XCConfigurationList section */
	};
	rootObject = 9E83B904295F21B500D57201 /* Project object */;
}
